
Microsoft Visual Studio Solution File, Format Version 12.00
Project("{FAE04EC0-301F-11D3-BF4B-00C04F79EFBC}") = "Tvrating.API", "Tvrating.API\Tvrating.API.csproj", "{916B4203-43B7-48A9-81D8-9045BD591351}"
EndProject
Project("{FAE04EC0-301F-11D3-BF4B-00C04F79EFBC}") = "Tvrating.Application", "Tvrating.Application\Tvrating.Application.csproj", "{3E249507-13F8-4212-BAA5-CA3DD128C537}"
EndProject
Project("{FAE04EC0-301F-11D3-BF4B-00C04F79EFBC}") = "Tvrating.Core", "Tvrating.Core\Tvrating.Core.csproj", "{C504534F-C364-4488-A84B-6EAF2895D679}"
EndProject
Project("{FAE04EC0-301F-11D3-BF4B-00C04F79EFBC}") = "Tvrating.Infrastructure", "Tvrating.Infrastructure\Tvrating.Infrastructure.csproj", "{B6E389BB-C0F0-4FA1-846B-4DB00F328871}"
EndProject
Global
	GlobalSection(SolutionConfigurationPlatforms) = preSolution
		Debug|Any CPU = Debug|Any CPU
		Release|Any CPU = Release|Any CPU
	EndGlobalSection
	GlobalSection(ProjectConfigurationPlatforms) = postSolution
		{916B4203-43B7-48A9-81D8-9045BD591351}.Debug|Any CPU.ActiveCfg = Debug|Any CPU
		{916B4203-43B7-48A9-81D8-9045BD591351}.Debug|Any CPU.Build.0 = Debug|Any CPU
		{916B4203-43B7-48A9-81D8-9045BD591351}.Release|Any CPU.ActiveCfg = Release|Any CPU
		{916B4203-43B7-48A9-81D8-9045BD591351}.Release|Any CPU.Build.0 = Release|Any CPU
		{3E249507-13F8-4212-BAA5-CA3DD128C537}.Debug|Any CPU.ActiveCfg = Debug|Any CPU
		{3E249507-13F8-4212-BAA5-CA3DD128C537}.Debug|Any CPU.Build.0 = Debug|Any CPU
		{3E249507-13F8-4212-BAA5-CA3DD128C537}.Release|Any CPU.ActiveCfg = Release|Any CPU
		{3E249507-13F8-4212-BAA5-CA3DD128C537}.Release|Any CPU.Build.0 = Release|Any CPU
		{C504534F-C364-4488-A84B-6EAF2895D679}.Debug|Any CPU.ActiveCfg = Debug|Any CPU
		{C504534F-C364-4488-A84B-6EAF2895D679}.Debug|Any CPU.Build.0 = Debug|Any CPU
		{C504534F-C364-4488-A84B-6EAF2895D679}.Release|Any CPU.ActiveCfg = Release|Any CPU
		{C504534F-C364-4488-A84B-6EAF2895D679}.Release|Any CPU.Build.0 = Release|Any CPU
		{B6E389BB-C0F0-4FA1-846B-4DB00F328871}.Debug|Any CPU.ActiveCfg = Debug|Any CPU
		{B6E389BB-C0F0-4FA1-846B-4DB00F328871}.Debug|Any CPU.Build.0 = Debug|Any CPU
		{B6E389BB-C0F0-4FA1-846B-4DB00F328871}.Release|Any CPU.ActiveCfg = Release|Any CPU
		{B6E389BB-C0F0-4FA1-846B-4DB00F328871}.Release|Any CPU.Build.0 = Release|Any CPU
	EndGlobalSection
EndGlobal
